
Microsoft Visual Studio Solution File, Format Version 12.00
# Visual Studio Version 16
VisualStudioVersion = 16.0.31410.357
MinimumVisualStudioVersion = 10.0.40219.1
Project("{FAE04EC0-301F-11D3-BF4B-00C04F79EFBC}") = "Fight between Hero and Enemy", "Fight between Hero and Enemy\Fight between Hero and Enemy.csproj", "{E2E72206-C45B-42D0-AB4C-35D6318AFEA9}"
EndProject
Global
	GlobalSection(SolutionConfigurationPlatforms) = preSolution
		Debug|Any CPU = Debug|Any CPU
		Release|Any CPU = Release|Any CPU
	EndGlobalSection
	GlobalSection(ProjectConfigurationPlatforms) = postSolution
		{E2E72206-C45B-42D0-AB4C-35D6318AFEA9}.Debug|Any CPU.ActiveCfg = Debug|Any CPU
		{E2E72206-C45B-42D0-AB4C-35D6318AFEA9}.Debug|Any CPU.Build.0 = Debug|Any CPU
		{E2E72206-C45B-42D0-AB4C-35D6318AFEA9}.Release|Any CPU.ActiveCfg = Release|Any CPU
		{E2E72206-C45B-42D0-AB4C-35D6318AFEA9}.Release|Any CPU.Build.0 = Release|Any CPU
	EndGlobalSection
	GlobalSection(SolutionProperties) = preSolution
		HideSolutionNode = FALSE
	EndGlobalSection
	GlobalSection(ExtensibilityGlobals) = postSolution
		SolutionGuid = {12B7F32A-E352-4C82-A9EF-CC41D6F80B00}
	EndGlobalSection
EndGlobal
